{
  "originHash" : "91855191b2feffd634e137e8f75e875238cfdef1dcec87c23e71bfa94682a25a",
  "pins" : [
    {
      "identity" : "alamofire",
      "kind" : "remoteSourceControl",
      "location" : "https://github.com/Alamofire/Alamofire",
      "state" : {
        "revision" : "513364f870f6bfc468f9d2ff0a95caccc10044c5",
        "version" : "5.10.2"
      }
    },
    {
      "identity" : "datacache",
      "kind" : "remoteSourceControl",
      "location" : "https://github.com/huynguyencong/DataCache.git",
      "state" : {
        "revision" : "cdef39b1f7f539ff722e7954746b2876ef12178c",
        "version" : "1.7.0"
      }
    },
    {
      "identity" : "snapkit",
      "kind" : "remoteSourceControl",
      "location" : "https://github.com/SnapKit/SnapKit",
      "state" : {
        "revision" : "2842e6e84e82eb9a8dac0100ca90d9444b0307f4",
        "version" : "5.7.1"
      }
    }
  ],
  "version" : 3
}
